
Microsoft Visual Studio Solution File, Format Version 12.00
# Visual Studio 15
VisualStudioVersion = 15.0.28307.136
MinimumVisualStudioVersion = 10.0.40219.1
Project("{FAE04EC0-301F-11D3-BF4B-00C04F79EFBC}") = "TarkovRandom", "TarkovRandom\TarkovRandom.csproj", "{35F61937-8BD5-4684-A8EB-151E748B4230}"
EndProject
Global
	GlobalSection(SolutionConfigurationPlatforms) = preSolution
		Debug|Any CPU = Debug|Any CPU
		Release|Any CPU = Release|Any CPU
	EndGlobalSection
	GlobalSection(ProjectConfigurationPlatforms) = postSolution
		{35F61937-8BD5-4684-A8EB-151E748B4230}.Debug|Any CPU.ActiveCfg = Debug|Any CPU
		{35F61937-8BD5-4684-A8EB-151E748B4230}.Debug|Any CPU.Build.0 = Debug|Any CPU
		{35F61937-8BD5-4684-A8EB-151E748B4230}.Release|Any CPU.ActiveCfg = Release|Any CPU
		{35F61937-8BD5-4684-A8EB-151E748B4230}.Release|Any CPU.Build.0 = Release|Any CPU
	EndGlobalSection
	GlobalSection(SolutionProperties) = preSolution
		HideSolutionNode = FALSE
	EndGlobalSection
	GlobalSection(ExtensibilityGlobals) = postSolution
		SolutionGuid = {0FC91AB0-81A5-4E20-BD9D-CF9BB9E3A4D4}
	EndGlobalSection
EndGlobal
